
Microsoft Visual Studio Solution File, Format Version 12.00
# Visual Studio Version 17
VisualStudioVersion = 17.1.32421.90
MinimumVisualStudioVersion = 10.0.40219.1
Project("{FAE04EC0-301F-11D3-BF4B-00C04F79EFBC}") = "ProfileApp.Logic", "ProfileApp.Logic\ProfileApp.Logic.csproj", "{4BEE49BE-EE56-478F-ADBC-72F743AEC0EF}"
EndProject
Project("{FAE04EC0-301F-11D3-BF4B-00C04F79EFBC}") = "ProfileApp.Model", "ProfileApp.Model\ProfileApp.Model.csproj", "{EE199ED9-BC65-4009-9D12-C8D1A4D5707A}"
EndProject
Global
	GlobalSection(SolutionConfigurationPlatforms) = preSolution
		Debug|Any CPU = Debug|Any CPU
		Release|Any CPU = Release|Any CPU
	EndGlobalSection
	GlobalSection(ProjectConfigurationPlatforms) = postSolution
		{4BEE49BE-EE56-478F-ADBC-72F743AEC0EF}.Debug|Any CPU.ActiveCfg = Debug|Any CPU
		{4BEE49BE-EE56-478F-ADBC-72F743AEC0EF}.Debug|Any CPU.Build.0 = Debug|Any CPU
		{4BEE49BE-EE56-478F-ADBC-72F743AEC0EF}.Release|Any CPU.ActiveCfg = Release|Any CPU
		{4BEE49BE-EE56-478F-ADBC-72F743AEC0EF}.Release|Any CPU.Build.0 = Release|Any CPU
		{EE199ED9-BC65-4009-9D12-C8D1A4D5707A}.Debug|Any CPU.ActiveCfg = Debug|Any CPU
		{EE199ED9-BC65-4009-9D12-C8D1A4D5707A}.Debug|Any CPU.Build.0 = Debug|Any CPU
		{EE199ED9-BC65-4009-9D12-C8D1A4D5707A}.Release|Any CPU.ActiveCfg = Release|Any CPU
		{EE199ED9-BC65-4009-9D12-C8D1A4D5707A}.Release|Any CPU.Build.0 = Release|Any CPU
	EndGlobalSection
	GlobalSection(SolutionProperties) = preSolution
		HideSolutionNode = FALSE
	EndGlobalSection
	GlobalSection(ExtensibilityGlobals) = postSolution
		SolutionGuid = {8DDD492F-00B1-4BF9-8439-98B8E019385E}
	EndGlobalSection
EndGlobal
